
Microsoft Visual Studio Solution File, Format Version 12.00
# Visual Studio Version 16
VisualStudioVersion = 16.0.30626.31
MinimumVisualStudioVersion = 10.0.40219.1
Project("{2150E333-8FDC-42A3-9474-1A3956D46DE8}") = "Desktop", "Desktop", "{02D44E5B-4C89-4263-BF60-3966745F0C02}"
EndProject
Project("{2150E333-8FDC-42A3-9474-1A3956D46DE8}") = "Knowhow", "Knowhow", "{1158C457-2430-4800-8831-AB6BF43D89F2}"
	ProjectSection(SolutionItems) = preProject
		.NET 5 Readme = .NET 5 Readme
		Agenda.txt = Agenda.txt
		Links.txt = Links.txt
		Microsoft Datenbanken.txt = Microsoft Datenbanken.txt
	EndProjectSection
EndProject
Project("{FAE04EC0-301F-11D3-BF4B-00C04F79EFBC}") = "DVDScreensaver", "DVDScreensaver\DVDScreensaver\DVDScreensaver.csproj", "{3B5B4F5D-049C-4E6A-AC79-44FE917E0C5F}"
EndProject
Project("{2150E333-8FDC-42A3-9474-1A3956D46DE8}") = "DataAccess", "DataAccess", "{2DD5D178-F6F7-4A1C-B1C1-83DA91590CE4}"
EndProject
Project("{9A19103F-16F7-4668-BE54-9A1E7A4F7556}") = "ADONET_DBAccess_NET5", "ADONET_DBAccess_NET5\ADONET_DBAccess_NET5.csproj", "{ACEA1AA7-C4C5-4608-942C-1D2166DC93D7}"
EndProject
Project("{2150E333-8FDC-42A3-9474-1A3956D46DE8}") = "DataAccess mit EF", "DataAccess mit EF", "{79A7314B-32E7-47BE-A9EC-B5C5A569A07B}"
EndProject
Project("{2150E333-8FDC-42A3-9474-1A3956D46DE8}") = "DatabaseFirst_NET48", "DatabaseFirst_NET48", "{13D470C0-E3B3-4A9D-9D32-F6AE1495EE31}"
EndProject
Project("{FAE04EC0-301F-11D3-BF4B-00C04F79EFBC}") = "EntityFrameworkSample_DatabaseFirst", "EntityFrameworkSample_DatabaseFirst\EntityFrameworkSample_DatabaseFirst.csproj", "{AD1B603A-F34A-4E62-8CED-6F7758C63B64}"
EndProject
Project("{2150E333-8FDC-42A3-9474-1A3956D46DE8}") = "CodeFirst_EFCoreORNet5", "CodeFirst_EFCoreORNet5", "{209A1089-0A3E-48C2-AE00-432DA3F325E6}"
EndProject
Project("{FAE04EC0-301F-11D3-BF4B-00C04F79EFBC}") = "CodeFirstSample_With_RazorPages", "CodeFirstSample_With_RazorPages\CodeFirstSample_With_RazorPages.csproj", "{2F764E63-AB21-4CB4-B98C-3C8274B54B71}"
EndProject
Project("{2150E333-8FDC-42A3-9474-1A3956D46DE8}") = "WebAPI", "WebAPI", "{346DFDD4-D09E-43E1-A0A0-EC5EECD7F46A}"
EndProject
Project("{FAE04EC0-301F-11D3-BF4B-00C04F79EFBC}") = "FootballService", "FootballService\FootballService.csproj", "{FBBB416B-8ED9-4C23-B232-FE3EABB03DFA}"
EndProject
Project("{FAE04EC0-301F-11D3-BF4B-00C04F79EFBC}") = "MVC_Overview", "MVC_Overview\MVC_Overview.csproj", "{1AF9AF4B-C84B-4E8E-8A3B-CA5B42732AC1}"
EndProject
Project("{FAE04EC0-301F-11D3-BF4B-00C04F79EFBC}") = "CodeFirstSample_With_MVC", "CodeFirstSample_With_MVC\CodeFirstSample_With_MVC.csproj", "{54E05338-EA6C-46ED-B959-70B4A1F8E9A0}"
EndProject
Global
	GlobalSection(SolutionConfigurationPlatforms) = preSolution
		Debug|Any CPU = Debug|Any CPU
		Release|Any CPU = Release|Any CPU
	EndGlobalSection
	GlobalSection(ProjectConfigurationPlatforms) = postSolution
		{3B5B4F5D-049C-4E6A-AC79-44FE917E0C5F}.Debug|Any CPU.ActiveCfg = Debug|Any CPU
		{3B5B4F5D-049C-4E6A-AC79-44FE917E0C5F}.Debug|Any CPU.Build.0 = Debug|Any CPU
		{3B5B4F5D-049C-4E6A-AC79-44FE917E0C5F}.Release|Any CPU.ActiveCfg = Release|Any CPU
		{3B5B4F5D-049C-4E6A-AC79-44FE917E0C5F}.Release|Any CPU.Build.0 = Release|Any CPU
		{ACEA1AA7-C4C5-4608-942C-1D2166DC93D7}.Debug|Any CPU.ActiveCfg = Debug|Any CPU
		{ACEA1AA7-C4C5-4608-942C-1D2166DC93D7}.Debug|Any CPU.Build.0 = Debug|Any CPU
		{ACEA1AA7-C4C5-4608-942C-1D2166DC93D7}.Release|Any CPU.ActiveCfg = Release|Any CPU
		{ACEA1AA7-C4C5-4608-942C-1D2166DC93D7}.Release|Any CPU.Build.0 = Release|Any CPU
		{AD1B603A-F34A-4E62-8CED-6F7758C63B64}.Debug|Any CPU.ActiveCfg = Debug|Any CPU
		{AD1B603A-F34A-4E62-8CED-6F7758C63B64}.Debug|Any CPU.Build.0 = Debug|Any CPU
		{AD1B603A-F34A-4E62-8CED-6F7758C63B64}.Release|Any CPU.ActiveCfg = Release|Any CPU
		{AD1B603A-F34A-4E62-8CED-6F7758C63B64}.Release|Any CPU.Build.0 = Release|Any CPU
		{2F764E63-AB21-4CB4-B98C-3C8274B54B71}.Debug|Any CPU.ActiveCfg = Debug|Any CPU
		{2F764E63-AB21-4CB4-B98C-3C8274B54B71}.Debug|Any CPU.Build.0 = Debug|Any CPU
		{2F764E63-AB21-4CB4-B98C-3C8274B54B71}.Release|Any CPU.ActiveCfg = Release|Any CPU
		{2F764E63-AB21-4CB4-B98C-3C8274B54B71}.Release|Any CPU.Build.0 = Release|Any CPU
		{FBBB416B-8ED9-4C23-B232-FE3EABB03DFA}.Debug|Any CPU.ActiveCfg = Debug|Any CPU
		{FBBB416B-8ED9-4C23-B232-FE3EABB03DFA}.Debug|Any CPU.Build.0 = Debug|Any CPU
		{FBBB416B-8ED9-4C23-B232-FE3EABB03DFA}.Release|Any CPU.ActiveCfg = Release|Any CPU
		{FBBB416B-8ED9-4C23-B232-FE3EABB03DFA}.Release|Any CPU.Build.0 = Release|Any CPU
		{1AF9AF4B-C84B-4E8E-8A3B-CA5B42732AC1}.Debug|Any CPU.ActiveCfg = Debug|Any CPU
		{1AF9AF4B-C84B-4E8E-8A3B-CA5B42732AC1}.Debug|Any CPU.Build.0 = Debug|Any CPU
		{1AF9AF4B-C84B-4E8E-8A3B-CA5B42732AC1}.Release|Any CPU.ActiveCfg = Release|Any CPU
		{1AF9AF4B-C84B-4E8E-8A3B-CA5B42732AC1}.Release|Any CPU.Build.0 = Release|Any CPU
		{54E05338-EA6C-46ED-B959-70B4A1F8E9A0}.Debug|Any CPU.ActiveCfg = Debug|Any CPU
		{54E05338-EA6C-46ED-B959-70B4A1F8E9A0}.Debug|Any CPU.Build.0 = Debug|Any CPU
		{54E05338-EA6C-46ED-B959-70B4A1F8E9A0}.Release|Any CPU.ActiveCfg = Release|Any CPU
		{54E05338-EA6C-46ED-B959-70B4A1F8E9A0}.Release|Any CPU.Build.0 = Release|Any CPU
	EndGlobalSection
	GlobalSection(SolutionProperties) = preSolution
		HideSolutionNode = FALSE
	EndGlobalSection
	GlobalSection(NestedProjects) = preSolution
		{3B5B4F5D-049C-4E6A-AC79-44FE917E0C5F} = {02D44E5B-4C89-4263-BF60-3966745F0C02}
		{ACEA1AA7-C4C5-4608-942C-1D2166DC93D7} = {2DD5D178-F6F7-4A1C-B1C1-83DA91590CE4}
		{13D470C0-E3B3-4A9D-9D32-F6AE1495EE31} = {79A7314B-32E7-47BE-A9EC-B5C5A569A07B}
		{AD1B603A-F34A-4E62-8CED-6F7758C63B64} = {13D470C0-E3B3-4A9D-9D32-F6AE1495EE31}
		{209A1089-0A3E-48C2-AE00-432DA3F325E6} = {79A7314B-32E7-47BE-A9EC-B5C5A569A07B}
		{2F764E63-AB21-4CB4-B98C-3C8274B54B71} = {209A1089-0A3E-48C2-AE00-432DA3F325E6}
		{FBBB416B-8ED9-4C23-B232-FE3EABB03DFA} = {346DFDD4-D09E-43E1-A0A0-EC5EECD7F46A}
		{54E05338-EA6C-46ED-B959-70B4A1F8E9A0} = {209A1089-0A3E-48C2-AE00-432DA3F325E6}
	EndGlobalSection
	GlobalSection(ExtensibilityGlobals) = postSolution
		SolutionGuid = {0D460900-5CE1-4699-A37D-48DE7B58105A}
	EndGlobalSection
EndGlobal
